
Microsoft Visual Studio Solution File, Format Version 12.00
# Visual Studio 15
VisualStudioVersion = 15.0.27428.2037
MinimumVisualStudioVersion = 10.0.40219.1
Project("{FAE04EC0-301F-11D3-BF4B-00C04F79EFBC}") = "ToDoList", "ToDoList\ToDoList.csproj", "{64C6864A-0D60-46FE-BB99-B49A8CE2290D}"
EndProject
Global
	GlobalSection(SolutionConfigurationPlatforms) = preSolution
		Debug|Any CPU = Debug|Any CPU
		Release|Any CPU = Release|Any CPU
	EndGlobalSection
	GlobalSection(ProjectConfigurationPlatforms) = postSolution
		{64C6864A-0D60-46FE-BB99-B49A8CE2290D}.Debug|Any CPU.ActiveCfg = Debug|Any CPU
		{64C6864A-0D60-46FE-BB99-B49A8CE2290D}.Debug|Any CPU.Build.0 = Debug|Any CPU
		{64C6864A-0D60-46FE-BB99-B49A8CE2290D}.Release|Any CPU.ActiveCfg = Release|Any CPU
		{64C6864A-0D60-46FE-BB99-B49A8CE2290D}.Release|Any CPU.Build.0 = Release|Any CPU
	EndGlobalSection
	GlobalSection(SolutionProperties) = preSolution
		HideSolutionNode = FALSE
	EndGlobalSection
	GlobalSection(ExtensibilityGlobals) = postSolution
		SolutionGuid = {4496B1C4-EFA6-4B6D-A2D8-742FC5E25EC2}
	EndGlobalSection
EndGlobal
